schema: '2.0'
stages:
  download_external_dataset:
    cmd: python3 src/data/download_dataset.py data/external/face-mask-detection
    deps:
    - path: src/data/download_dataset.py
      md5: dcf0c3130fe2f3f9eb109e5553f84d99
      size: 848
    outs:
    - path: data/external/face-mask-detection
      md5: a9f3f3bdfe2ce374f40ce50d314a5f86.dir
      size: 417887308
      nfiles: 1706
  make_dataset_external:
    cmd: python3 src/data/make_dataset.py data/external/face-mask-detection/annotations
      data/interim/annotations.csv
    deps:
    - path: data/external/face-mask-detection/annotations
      md5: 3adb0ed65147d9ea49f863bc06b7bdcd.dir
      size: 1576046
      nfiles: 853
    - path: src/data/make_dataset.py
      md5: 163112d7309536b4db41e41c3f03629d
      size: 2910
    outs:
    - path: data/interim/annotations.csv
      md5: 23930ef35eae8a5ad4c573a056289310
      size: 200129
  create_crop_dataset_external:
    cmd: python3 src/data/create_crop_dataset.py data/interim/annotations.csv  data/external/face-mask-detection/images/  data/processed/cropped_images/
    deps:
    - path: data/external/face-mask-detection/images
      md5: 354962b3b72da69dc64ca74fd428a5a7.dir
      size: 416311262
      nfiles: 853
    - path: data/interim/annotations.csv
      md5: 23930ef35eae8a5ad4c573a056289310
      size: 200129
    - path: src/data/create_crop_dataset.py
      md5: 1d7f3e0bbf522f0794373b7f8fe005eb
      size: 2074
    outs:
    - path: data/processed/cropped_images
      md5: 8859ced0fc987ff3a43c0e6c2f8ad564.dir
      size: 16469041
      nfiles: 4072
  train_test_split@0:
    cmd: python3 src/models/train_test_split.py data/raw/raw_data/ internal data/processed/train_data_internal/
    deps:
    - path: data/raw/raw_data/
      md5: 97f05f485d5bcbf15f3afee5c21f5908.dir
      size: 170712150
      nfiles: 4094
    - path: src/models/train_test_split.py
      md5: f2e5c617ac9e1c8c3d2cdfe5296caaf0
      size: 2662
    outs:
    - path: data/processed/train_data_internal/
      md5: 8774635beb042753d25c73fbc00583d5.dir
      size: 170712150
      nfiles: 4094
  merge_datasets:
    cmd: python3 src/data/mix_datasets.py data/raw/raw_data/ data/processed/cropped_images/
      data/processed/unsplit_train_data/
    deps:
    - path: data/processed/cropped_images/
      md5: 8859ced0fc987ff3a43c0e6c2f8ad564.dir
      size: 16469041
      nfiles: 4072
    - path: data/raw/raw_data/
      md5: 97f05f485d5bcbf15f3afee5c21f5908.dir
      size: 170712150
      nfiles: 4094
    - path: src/data/mix_datasets.py
      md5: e55bf7bf3191b722fc2ef406cef36845
      size: 1483
    outs:
    - path: data/processed/unsplit_train_data/
      md5: f1f0e3fb69493a218c62bc4feb8f0c5a.dir
      size: 187181191
      nfiles: 8166
  train_test_split@1:
    cmd: python3 src/models/train_test_split.py data/processed/cropped_images/ external
      data/processed/train_data_external/
    deps:
    - path: data/processed/cropped_images/
      md5: 8859ced0fc987ff3a43c0e6c2f8ad564.dir
      size: 16469041
      nfiles: 4072
    - path: src/models/train_test_split.py
      md5: f2e5c617ac9e1c8c3d2cdfe5296caaf0
      size: 2662
    outs:
    - path: data/processed/train_data_external/
      md5: b103c077ba2f36723ee3fef9488c4a48.dir
      size: 16469041
      nfiles: 4072
  train_test_split@2:
    cmd: python3 src/models/train_test_split.py data/processed/unsplit_train_data/
      both data/processed/train_data_both/
    deps:
    - path: data/processed/unsplit_train_data/
      md5: f1f0e3fb69493a218c62bc4feb8f0c5a.dir
      size: 187181191
      nfiles: 8166
    - path: src/models/train_test_split.py
      md5: f2e5c617ac9e1c8c3d2cdfe5296caaf0
      size: 2662
    outs:
    - path: data/processed/train_data_both/
      md5: 342018b82714fe2465767635c2aa6f9b.dir
      size: 187181191
      nfiles: 8166
  train_model@0:
    cmd: python3 src/models/train.py  data/processed/train_data_internal/ internal
      src/models/configs/nn_config.yaml models/nn_model_internal
    deps:
    - path: data/processed/train_data_internal/
      md5: b3d9e2cfd8ba19171f2d6de1381e9d8d.dir
      size: 170712150
      nfiles: 4094
    - path: src/models/configs/nn_config.yaml
      md5: ae6a61106da03003b9c224fbfcb415c9
      size: 214
    - path: src/models/train.py
      md5: 7f63d352887ac95319178edd705e79df
      size: 3571
    outs:
    - path: models/nn_model_internal
      md5: b0a430e22264bdcbbaef7b73851b3654.dir
      size: 206369756
      nfiles: 14
  train_model@1:
    cmd: python3 src/models/train.py  data/processed/train_data_external/ external
      src/models/configs/nn_config.yaml models/nn_model_external
    deps:
    - path: data/processed/train_data_external/
      md5: b103c077ba2f36723ee3fef9488c4a48.dir
      size: 16469041
      nfiles: 4072
    - path: src/models/configs/nn_config.yaml
      md5: 63173de4dc4461bd9196401867d04e3a
      size: 215
    - path: src/models/train.py
      md5: e516b9a666810439fcc1c0ac896a745f
      size: 3573
    outs:
    - path: models/nn_model_external
      md5: 18b9cf1d9f57079f972befc1c626ef47.dir
      size: 549648313
      nfiles: 20
  validate_model@1:
    cmd: python3 src/models/validate.py  models/nn_model_external data/processed/train_data_external/val/
      external src/models/configs/nn_config.yaml
    deps:
    - path: data/processed/train_data_external/val/
      md5: acb052ebd8785167aa79c999b3370621.dir
      size: 1619703
      nfiles: 408
    - path: models/nn_model_external
      md5: 18b9cf1d9f57079f972befc1c626ef47.dir
      size: 549648313
      nfiles: 20
    - path: src/models/configs/nn_config.yaml
      md5: 63173de4dc4461bd9196401867d04e3a
      size: 215
  train_model@2:
    cmd: python3 src/models/train.py  data/processed/train_data_both both src/models/configs/nn_config.yaml
      models/nn_model_both
    deps:
    - path: data/processed/train_data_both
      md5: 342018b82714fe2465767635c2aa6f9b.dir
      size: 187181191
      nfiles: 8166
    - path: src/models/configs/nn_config.yaml
      md5: 63173de4dc4461bd9196401867d04e3a
      size: 215
    - path: src/models/train.py
      md5: e516b9a666810439fcc1c0ac896a745f
      size: 3573
    outs:
    - path: models/nn_model_both
      md5: cacae649840d20df0a109333656d9a06.dir
      size: 549648313
      nfiles: 20
  validate_model@0:
    cmd: python3 src/models/validate.py  models/nn_model_internal data/processed/train_data_internal/val/
      internal src/models/configs/nn_config.yaml
    deps:
    - path: data/processed/train_data_internal/val/
      md5: 4d64b7d27574aa08a1ad07e30ab75f2d.dir
      size: 17848485
      nfiles: 410
    - path: models/nn_model_internal
      md5: b0a430e22264bdcbbaef7b73851b3654.dir
      size: 206369756
      nfiles: 14
    - path: src/models/configs/nn_config.yaml
      md5: ae6a61106da03003b9c224fbfcb415c9
      size: 214
  validate_model@2:
    cmd: python3 src/models/validate.py  models/nn_model_both data/processed/train_data_both/val/
      both src/models/configs/nn_config.yaml
    deps:
    - path: data/processed/train_data_both/val/
      md5: d22f4b3980fa46a8883acf8663b1404f.dir
      size: 16065358
      nfiles: 817
    - path: models/nn_model_both
      md5: cacae649840d20df0a109333656d9a06.dir
      size: 549648313
      nfiles: 20
    - path: src/models/configs/nn_config.yaml
      md5: 63173de4dc4461bd9196401867d04e3a
      size: 215
